
Microsoft Visual Studio Solution File, Format Version 12.00
# Visual Studio 15
VisualStudioVersion = 15.0.28307.1500
MinimumVisualStudioVersion = 10.0.40219.1
Project("{FAE04EC0-301F-11D3-BF4B-00C04F79EFBC}") = "APLI 2 4TA", "APLI 2 4TA\APLI 2 4TA.csproj", "{E2F8D41C-0967-4ED8-81EB-34A8143527C3}"
EndProject
Global
	GlobalSection(SolutionConfigurationPlatforms) = preSolution
		Debug|Any CPU = Debug|Any CPU
		Release|Any CPU = Release|Any CPU
	EndGlobalSection
	GlobalSection(ProjectConfigurationPlatforms) = postSolution
		{E2F8D41C-0967-4ED8-81EB-34A8143527C3}.Debug|Any CPU.ActiveCfg = Debug|Any CPU
		{E2F8D41C-0967-4ED8-81EB-34A8143527C3}.Debug|Any CPU.Build.0 = Debug|Any CPU
		{E2F8D41C-0967-4ED8-81EB-34A8143527C3}.Release|Any CPU.ActiveCfg = Release|Any CPU
		{E2F8D41C-0967-4ED8-81EB-34A8143527C3}.Release|Any CPU.Build.0 = Release|Any CPU
	EndGlobalSection
	GlobalSection(SolutionProperties) = preSolution
		HideSolutionNode = FALSE
	EndGlobalSection
	GlobalSection(ExtensibilityGlobals) = postSolution
		SolutionGuid = {9E9E9578-EB4E-4363-BFFA-7934D6B6D062}
	EndGlobalSection
EndGlobal
